
Microsoft Visual Studio Solution File, Format Version 12.00
# Visual Studio Version 17
VisualStudioVersion = 17.13.35818.85 d17.13
MinimumVisualStudioVersion = 10.0.40219.1
Project("{FAE04EC0-301F-11D3-BF4B-00C04F79EFBC}") = "szemi1", "szemi1.csproj", "{88BE98DD-DD66-40C6-B9F9-840A61368758}"
EndProject
Global
	GlobalSection(SolutionConfigurationPlatforms) = preSolution
		Debug|Any CPU = Debug|Any CPU
		Release|Any CPU = Release|Any CPU
	EndGlobalSection
	GlobalSection(ProjectConfigurationPlatforms) = postSolution
		{88BE98DD-DD66-40C6-B9F9-840A61368758}.Debug|Any CPU.ActiveCfg = Debug|Any CPU
		{88BE98DD-DD66-40C6-B9F9-840A61368758}.Debug|Any CPU.Build.0 = Debug|Any CPU
		{88BE98DD-DD66-40C6-B9F9-840A61368758}.Release|Any CPU.ActiveCfg = Release|Any CPU
		{88BE98DD-DD66-40C6-B9F9-840A61368758}.Release|Any CPU.Build.0 = Release|Any CPU
	EndGlobalSection
	GlobalSection(SolutionProperties) = preSolution
		HideSolutionNode = FALSE
	EndGlobalSection
	GlobalSection(ExtensibilityGlobals) = postSolution
		SolutionGuid = {2D107057-D1C8-4ADA-A296-7E96772799EE}
	EndGlobalSection
EndGlobal
